// !$*UTF8*$!
{
	archiveVersion = 1;
	classes = {
	};
	objectVersion = 50;
	objects = {

/* Begin PBXBuildFile section */
		EFA4297623288E2200BEE634 /* AppDelegate.swift in Sources */ = {isa = PBXBuildFile; fileRef = EFA4297523288E2200BEE634 /* AppDelegate.swift */; };
		EFA4297823288E2200BEE634 /* ViewController.swift in Sources */ = {isa = PBXBuildFile; fileRef = EFA4297723288E2200BEE634 /* ViewController.swift */; };
		EFA4297B23288E2200BEE634 /* Main.storyboard in Resources */ = {isa = PBXBuildFile; fileRef = EFA4297923288E2200BEE634 /* Main.storyboard */; };
		EFA4297D23288E2300BEE634 /* Assets.xcassets in Resources */ = {isa = PBXBuildFile; fileRef = EFA4297C23288E2300BEE634 /* Assets.xcassets */; };
		EFA4298023288E2300BEE634 /* LaunchScreen.storyboard in Resources */ = {isa = PBXBuildFile; fileRef = EFA4297E23288E2300BEE634 /* LaunchScreen.storyboard */; };
		EFA4299323288E7A00BEE634 /* Loading_UI_Framwork.framework in Frameworks */ = {isa = PBXBuildFile; fileRef = EFA4299223288E5100BEE634 /* Loading_UI_Framwork.framework */; };
		EFA4299423288E7A00BEE634 /* Loading_UI_Framwork.framework in Embed Frameworks */ = {isa = PBXBuildFile; fileRef = EFA4299223288E5100BEE634 /* Loading_UI_Framwork.framework */; settings = {ATTRIBUTES = (CodeSignOnCopy, RemoveHeadersOnCopy, ); }; };
/* End PBXBuildFile section */

/* Begin PBXContainerItemProxy section */
		EFA4299123288E5100BEE634 /* PBXContainerItemProxy */ = {
			isa = PBXContainerItemProxy;
			containerPortal = EFA4298823288E4D00BEE634 /* Loading UI Framwork.xcodeproj */;
			proxyType = 2;
			remoteGlobalIDString = EFA42959232881B500BEE634;
			remoteInfo = "Loading UI Framwork";
		};
		EFA4299523288E7A00BEE634 /* PBXContainerItemProxy */ = {
			isa = PBXContainerItemProxy;
			containerPortal = EFA4298823288E4D00BEE634 /* Loading UI Framwork.xcodeproj */;
			proxyType = 1;
			remoteGlobalIDString = EFA42958232881B500BEE634;
			remoteInfo = "Loading UI Framwork";
		};
/* End PBXContainerItemProxy section */

/* Begin PBXCopyFilesBuildPhase section */
		EFA4299723288E7A00BEE634 /* Embed Frameworks */ = {
			isa = PBXCopyFilesBuildPhase;
			buildActionMask = 2147483647;
			dstPath = "";
			dstSubfolderSpec = 10;
			files = (
				EFA4299423288E7A00BEE634 /* Loading_UI_Framwork.framework in Embed Frameworks */,
			);
			name = "Embed Frameworks";
			runOnlyForDeploymentPostprocessing = 0;
		};
/* End PBXCopyFilesBuildPhase section */

/* Begin PBXFileReference section */
		EFA4297223288E2200BEE634 /* LoadingUITester.app */ = {isa = PBXFileReference; explicitFileType = wrapper.application; includeInIndex = 0; path = LoadingUITester.app; sourceTree = BUILT_PRODUCTS_DIR; };
		EFA4297523288E2200BEE634 /* AppDelegate.swift */ = {isa = PBXFileReference; lastKnownFileType = sourcecode.swift; path = AppDelegate.swift; sourceTree = "<group>"; };
		EFA4297723288E2200BEE634 /* ViewController.swift */ = {isa = PBXFileReference; lastKnownFileType = sourcecode.swift; path = ViewController.swift; sourceTree = "<group>"; };
		EFA4297A23288E2200BEE634 /* Base */ = {isa = PBXFileReference; lastKnownFileType = file.storyboard; name = Base; path = Base.lproj/Main.storyboard; sourceTree = "<group>"; };
		EFA4297C23288E2300BEE634 /* Assets.xcassets */ = {isa = PBXFileReference; lastKnownFileType = folder.assetcatalog; path = Assets.xcassets; sourceTree = "<group>"; };
		EFA4297F23288E2300BEE634 /* Base */ = {isa = PBXFileReference; lastKnownFileType = file.storyboard; name = Base; path = Base.lproj/LaunchScreen.storyboard; sourceTree = "<group>"; };
		EFA4298123288E2300BEE634 /* Info.plist */ = {isa = PBXFileReference; lastKnownFileType = text.plist.xml; path = Info.plist; sourceTree = "<group>"; };
		EFA4298823288E4D00BEE634 /* Loading UI Framwork.xcodeproj */ = {isa = PBXFileReference; lastKnownFileType = "wrapper.pb-project"; name = "Loading UI Framwork.xcodeproj"; path = "../../../Loading UI Framwork/Loading UI Framwork.xcodeproj"; sourceTree = "<group>"; };
/* End PBXFileReference section */

/* Begin PBXFrameworksBuildPhase section */
		EFA4296F23288E2200BEE634 /* Frameworks */ = {
			isa = PBXFrameworksBuildPhase;
			buildActionMask = 2147483647;
			files = (
				EFA4299323288E7A00BEE634 /* Loading_UI_Framwork.framework in Frameworks */,
			);
			runOnlyForDeploymentPostprocessing = 0;
		};
/* End PBXFrameworksBuildPhase section */

/* Begin PBXGroup section */
		EFA4296923288E2200BEE634 = {
			isa = PBXGroup;
			children = (
				EFA4297423288E2200BEE634 /* LoadingUITester */,
				EFA4297323288E2200BEE634 /* Products */,
			);
			sourceTree = "<group>";
		};
		EFA4297323288E2200BEE634 /* Products */ = {
			isa = PBXGroup;
			children = (
				EFA4297223288E2200BEE634 /* LoadingUITester.app */,
			);
			name = Products;
			sourceTree = "<group>";
		};
		EFA4297423288E2200BEE634 /* LoadingUITester */ = {
			isa = PBXGroup;
			children = (
				EFA4297523288E2200BEE634 /* AppDelegate.swift */,
				EFA4297723288E2200BEE634 /* ViewController.swift */,
				EFA4297923288E2200BEE634 /* Main.storyboard */,
				EFA4297C23288E2300BEE634 /* Assets.xcassets */,
				EFA4297E23288E2300BEE634 /* LaunchScreen.storyboard */,
				EFA4298123288E2300BEE634 /* Info.plist */,
				EFA4298723288E2E00BEE634 /* Frameworks */,
			);
			path = LoadingUITester;
			sourceTree = "<group>";
		};
		EFA4298723288E2E00BEE634 /* Frameworks */ = {
			isa = PBXGroup;
			children = (
				EFA4298823288E4D00BEE634 /* Loading UI Framwork.xcodeproj */,
			);
			path = Frameworks;
			sourceTree = "<group>";
		};
		EFA4298E23288E5100BEE634 /* Products */ = {
			isa = PBXGroup;
			children = (
				EFA4299223288E5100BEE634 /* Loading_UI_Framwork.framework */,
			);
			name = Products;
			sourceTree = "<group>";
		};
/* End PBXGroup section */

/* Begin PBXNativeTarget section */
		EFA4297123288E2200BEE634 /* LoadingUITester */ = {
			isa = PBXNativeTarget;
			buildConfigurationList = EFA4298423288E2300BEE634 /* Build configuration list for PBXNativeTarget "LoadingUITester" */;
			buildPhases = (
				EFA4296E23288E2200BEE634 /* Sources */,
				EFA4296F23288E2200BEE634 /* Frameworks */,
				EFA4297023288E2200BEE634 /* Resources */,
				EFA4299723288E7A00BEE634 /* Embed Frameworks */,
			);
			buildRules = (
			);
			dependencies = (
				EFA4299623288E7A00BEE634 /* PBXTargetDependency */,
			);
			name = LoadingUITester;
			productName = LoadingUITester;
			productReference = EFA4297223288E2200BEE634 /* LoadingUITester.app */;
			productType = "com.apple.product-type.application";
		};
/* End PBXNativeTarget section */

/* Begin PBXProject section */
		EFA4296A23288E2200BEE634 /* Project object */ = {
			isa = PBXProject;
			attributes = {
				LastSwiftUpdateCheck = 1030;
				LastUpgradeCheck = 1030;
				ORGANIZATIONNAME = Seschwan;
				TargetAttributes = {
					EFA4297123288E2200BEE634 = {
						CreatedOnToolsVersion = 10.3;
					};
				};
			};
			buildConfigurationList = EFA4296D23288E2200BEE634 /* Build configuration list for PBXProject "LoadingUITester" */;
			compatibilityVersion = "Xcode 9.3";
			developmentRegion = en;
			hasScannedForEncodings = 0;
			knownRegions = (
				en,
				Base,
			);
			mainGroup = EFA4296923288E2200BEE634;
			productRefGroup = EFA4297323288E2200BEE634 /* Products */;
			projectDirPath = "";
			projectReferences = (
				{
					ProductGroup = EFA4298E23288E5100BEE634 /* Products */;
					ProjectRef = EFA4298823288E4D00BEE634 /* Loading UI Framwork.xcodeproj */;
				},
			);
			projectRoot = "";
			targets = (
				EFA4297123288E2200BEE634 /* LoadingUITester */,
			);
		};
/* End PBXProject section */

/* Begin PBXReferenceProxy section */
		EFA4299223288E5100BEE634 /* Loading_UI_Framwork.framework */ = {
			isa = PBXReferenceProxy;
			fileType = wrapper.framework;
			path = Loading_UI_Framwork.framework;
			remoteRef = EFA4299123288E5100BEE634 /* PBXContainerItemProxy */;
			sourceTree = BUILT_PRODUCTS_DIR;
		};
/* End PBXReferenceProxy section */

/* Begin PBXResourcesBuildPhase section */
		EFA4297023288E2200BEE634 /* Resources */ = {
			isa = PBXResourcesBuildPhase;
			buildActionMask = 2147483647;
			files = (
				EFA4298023288E2300BEE634 /* LaunchScreen.storyboard in Resources */,
				EFA4297D23288E2300BEE634 /* Assets.xcassets in Resources */,
				EFA4297B23288E2200BEE634 /* Main.storyboard in Resources */,
			);
			runOnlyForDeploymentPostprocessing = 0;
		};
/* End PBXResourcesBuildPhase section */

/* Begin PBXSourcesBuildPhase section */
		EFA4296E23288E2200BEE634 /* Sources */ = {
			isa = PBXSourcesBuildPhase;
			buildActionMask = 2147483647;
			files = (
				EFA4297823288E2200BEE634 /* ViewController.swift in Sources */,
				EFA4297623288E2200BEE634 /* AppDelegate.swift in Sources */,
			);
			runOnlyForDeploymentPostprocessing = 0;
		};
/* End PBXSourcesBuildPhase section */

/* Begin PBXTargetDependency section */
		EFA4299623288E7A00BEE634 /* PBXTargetDependency */ = {
			isa = PBXTargetDependency;
			name = "Loading UI Framwork";
			targetProxy = EFA4299523288E7A00BEE634 /* PBXContainerItemProxy */;
		};
/* End PBXTargetDependency section */

/* Begin PBXVariantGroup section */
		EFA4297923288E2200BEE634 /* Main.storyboard */ = {
			isa = PBXVariantGroup;
			children = (
				EFA4297A23288E2200BEE634 /* Base */,
			);
			name = Main.storyboard;
			sourceTree = "<group>";
		};
		EFA4297E23288E2300BEE634 /* LaunchScreen.storyboard */ = {
			isa = PBXVariantGroup;
			children = (
				EFA4297F23288E2300BEE634 /* Base */,
			);
			name = LaunchScreen.storyboard;
			sourceTree = "<group>";
		};
/* End PBXVariantGroup section */

/* Begin XCBuildConfiguration section */
		EFA4298223288E2300BEE634 /* Debug */ = {
			isa = XCBuildConfiguration;
			buildSettings = {
				ALWAYS_SEARCH_USER_PATHS = NO;
				CLANG_ANALYZER_NONNULL = YES;
				CLANG_ANALYZER_NUMBER_OBJECT_CONVERSION = YES_AGGRESSIVE;
				CLANG_CXX_LANGUAGE_STANDARD = "gnu++14";
				CLANG_CXX_LIBRARY = "libc++";
				CLANG_ENABLE_MODULES = YES;
				CLANG_ENABLE_OBJC_ARC = YES;
				CLANG_ENABLE_OBJC_WEAK = YES;
				CLANG_WARN_BLOCK_CAPTURE_AUTORELEASING = YES;
				CLANG_WARN_BOOL_CONVERSION = YES;
				CLANG_WARN_COMMA = YES;
				CLANG_WARN_CONSTANT_CONVERSION = YES;
				CLANG_WARN_DEPRECATED_OBJC_IMPLEMENTATIONS = YES;
				CLANG_WARN_DIRECT_OBJC_ISA_USAGE = YES_ERROR;
				CLANG_WARN_DOCUMENTATION_COMMENTS = YES;
				CLANG_WARN_EMPTY_BODY = YES;
				CLANG_WARN_ENUM_CONVERSION = YES;
				CLANG_WARN_INFINITE_RECURSION = YES;
				CLANG_WARN_INT_CONVERSION = YES;
				CLANG_WARN_NON_LITERAL_NULL_CONVERSION = YES;
				CLANG_WARN_OBJC_IMPLICIT_RETAIN_SELF = YES;
				CLANG_WARN_OBJC_LITERAL_CONVERSION = YES;
				CLANG_WARN_OBJC_ROOT_CLASS = YES_ERROR;
				CLANG_WARN_RANGE_LOOP_ANALYSIS = YES;
				CLANG_WARN_STRICT_PROTOTYPES = YES;
				CLANG_WARN_SUSPICIOUS_MOVE = YES;
				CLANG_WARN_UNGUARDED_AVAILABILITY = YES_AGGRESSIVE;
				CLANG_WARN_UNREACHABLE_CODE = YES;
				CLANG_WARN__DUPLICATE_METHOD_MATCH = YES;
				CODE_SIGN_IDENTITY = "iPhone Developer";
				COPY_PHASE_STRIP = NO;
				DEBUG_INFORMATION_FORMAT = dwarf;
				ENABLE_STRICT_OBJC_MSGSEND = YES;
				ENABLE_TESTABILITY = YES;
				GCC_C_LANGUAGE_STANDARD = gnu11;
				GCC_DYNAMIC_NO_PIC = NO;
				GCC_NO_COMMON_BLOCKS = YES;
				GCC_OPTIMIZATION_LEVEL = 0;
				GCC_PREPROCESSOR_DEFINITIONS = (
					"DEBUG=1",
					"$(inherited)",
				);
				GCC_WARN_64_TO_32_BIT_CONVERSION = YES;
				GCC_WARN_ABOUT_RETURN_TYPE = YES_ERROR;
				GCC_WARN_UNDECLARED_SELECTOR = YES;
				GCC_WARN_UNINITIALIZED_AUTOS = YES_AGGRESSIVE;
				GCC_WARN_UNUSED_FUNCTION = YES;
				GCC_WARN_UNUSED_VARIABLE = YES;
				IPHONEOS_DEPLOYMENT_TARGET = 12.4;
				MTL_ENABLE_DEBUG_INFO = INCLUDE_SOURCE;
				MTL_FAST_MATH = YES;
				ONLY_ACTIVE_ARCH = YES;
				SDKROOT = iphoneos;
				SWIFT_ACTIVE_COMPILATION_CONDITIONS = DEBUG;
				SWIFT_OPTIMIZATION_LEVEL = "-Onone";
			};
			name = Debug;
		};
		EFA4298323288E2300BEE634 /* Release */ = {
			isa = XCBuildConfiguration;
			buildSettings = {
				ALWAYS_SEARCH_USER_PATHS = NO;
				CLANG_ANALYZER_NONNULL = YES;
				CLANG_ANALYZER_NUMBER_OBJECT_CONVERSION = YES_AGGRESSIVE;
				CLANG_CXX_LANGUAGE_STANDARD = "gnu++14";
				CLANG_CXX_LIBRARY = "libc++";
				CLANG_ENABLE_MODULES = YES;
				CLANG_ENABLE_OBJC_ARC = YES;
				CLANG_ENABLE_OBJC_WEAK = YES;
				CLANG_WARN_BLOCK_CAPTURE_AUTORELEASING = YES;
				CLANG_WARN_BOOL_CONVERSION = YES;
				CLANG_WARN_COMMA = YES;
				CLANG_WARN_CONSTANT_CONVERSION = YES;
				CLANG_WARN_DEPRECATED_OBJC_IMPLEMENTATIONS = YES;
				CLANG_WARN_DIRECT_OBJC_ISA_USAGE = YES_ERROR;
				CLANG_WARN_DOCUMENTATION_COMMENTS = YES;
				CLANG_WARN_EMPTY_BODY = YES;
				CLANG_WARN_ENUM_CONVERSION = YES;
				CLANG_WARN_INFINITE_RECURSION = YES;
				CLANG_WARN_INT_CONVERSION = YES;
				CLANG_WARN_NON_LITERAL_NULL_CONVERSION = YES;
				CLANG_WARN_OBJC_IMPLICIT_RETAIN_SELF = YES;
				CLANG_WARN_OBJC_LITERAL_CONVERSION = YES;
				CLANG_WARN_OBJC_ROOT_CLASS = YES_ERROR;
				CLANG_WARN_RANGE_LOOP_ANALYSIS = YES;
				CLANG_WARN_STRICT_PROTOTYPES = YES;
				CLANG_WARN_SUSPICIOUS_MOVE = YES;
				CLANG_WARN_UNGUARDED_AVAILABILITY = YES_AGGRESSIVE;
				CLANG_WARN_UNREACHABLE_CODE = YES;
				CLANG_WARN__DUPLICATE_METHOD_MATCH = YES;
				CODE_SIGN_IDENTITY = "iPhone Developer";
				COPY_PHASE_STRIP = NO;
				DEBUG_INFORMATION_FORMAT = "dwarf-with-dsym";
				ENABLE_NS_ASSERTIONS = NO;
				ENABLE_STRICT_OBJC_MSGSEND = YES;
				GCC_C_LANGUAGE_STANDARD = gnu11;
				GCC_NO_COMMON_BLOCKS = YES;
				GCC_WARN_64_TO_32_BIT_CONVERSION = YES;
				GCC_WARN_ABOUT_RETURN_TYPE = YES_ERROR;
				GCC_WARN_UNDECLARED_SELECTOR = YES;
				GCC_WARN_UNINITIALIZED_AUTOS = YES_AGGRESSIVE;
				GCC_WARN_UNUSED_FUNCTION = YES;
				GCC_WARN_UNUSED_VARIABLE = YES;
				IPHONEOS_DEPLOYMENT_TARGET = 12.4;
				MTL_ENABLE_DEBUG_INFO = NO;
				MTL_FAST_MATH = YES;
				SDKROOT = iphoneos;
				SWIFT_COMPILATION_MODE = wholemodule;
				SWIFT_OPTIMIZATION_LEVEL = "-O";
				VALIDATE_PRODUCT = YES;
			};
			name = Release;
		};
		EFA4298523288E2300BEE634 /* Debug */ = {
			isa = XCBuildConfiguration;
			buildSettings = {
				ALWAYS_EMBED_SWIFT_STANDARD_LIBRARIES = YES;
				ASSETCATALOG_COMPILER_APPICON_NAME = AppIcon;
				CODE_SIGN_STYLE = Automatic;
				DEVELOPMENT_TEAM = SBB8C9E36E;
				INFOPLIST_FILE = LoadingUITester/Info.plist;
				LD_RUNPATH_SEARCH_PATHS = (
					"$(inherited)",
					"@executable_path/Frameworks",
				);
				PRODUCT_BUNDLE_IDENTIFIER = Seschwan.com.LoadingUITester;
				PRODUCT_NAME = "$(TARGET_NAME)";
				SWIFT_VERSION = 5.0;
				TARGETED_DEVICE_FAMILY = "1,2";
			};
			name = Debug;
		};
		EFA4298623288E2300BEE634 /* Release */ = {
			isa = XCBuildConfiguration;
			buildSettings = {
				ALWAYS_EMBED_SWIFT_STANDARD_LIBRARIES = YES;
				ASSETCATALOG_COMPILER_APPICON_NAME = AppIcon;
				CODE_SIGN_STYLE = Automatic;
				DEVELOPMENT_TEAM = SBB8C9E36E;
				INFOPLIST_FILE = LoadingUITester/Info.plist;
				LD_RUNPATH_SEARCH_PATHS = (
					"$(inherited)",
					"@executable_path/Frameworks",
				);
				PRODUCT_BUNDLE_IDENTIFIER = Seschwan.com.LoadingUITester;
				PRODUCT_NAME = "$(TARGET_NAME)";
				SWIFT_VERSION = 5.0;
				TARGETED_DEVICE_FAMILY = "1,2";
			};
			name = Release;
		};
/* End XCBuildConfiguration section */

/* Begin XCConfigurationList section */
		EFA4296D23288E2200BEE634 /* Build configuration list for PBXProject "LoadingUITester" */ = {
			isa = XCConfigurationList;
			buildConfigurations = (
				EFA4298223288E2300BEE634 /* Debug */,
				EFA4298323288E2300BEE634 /* Release */,
			);
			defaultConfigurationIsVisible = 0;
			defaultConfigurationName = Release;
		};
		EFA4298423288E2300BEE634 /* Build configuration list for PBXNativeTarget "LoadingUITester" */ = {
			isa = XCConfigurationList;
			buildConfigurations = (
				EFA4298523288E2300BEE634 /* Debug */,
				EFA4298623288E2300BEE634 /* Release */,
			);
			defaultConfigurationIsVisible = 0;
			defaultConfigurationName = Release;
		};
/* End XCConfigurationList section */
	};
	rootObject = EFA4296A23288E2200BEE634 /* Project object */;
}
